{
  "name": "fex-wallet",
  "version": "1.0.0",
  "lockfileVersion": 1,
  "requires": true,
  "dependencies": {
    "@dcloudio/uni-ui": {
      "version": "1.2.4",
      "resolved": "https://registry.npm.taobao.org/@dcloudio/uni-ui/download/@dcloudio/uni-ui-1.2.4.tgz",
      "integrity": "sha1-Fgi9uQZ4ruAS71ZlwY9WxGy61Gs="
    },
    "lucky-canvas": {
      "version": "1.5.2",
      "resolved": "https://registry.npm.taobao.org/lucky-canvas/download/lucky-canvas-1.5.2.tgz",
      "integrity": "sha1-Q3tyEUBqHjbhLTdDW1vqvsu2QCA="
    },
    "moment": {
      "version": "2.27.0",
      "resolved": "https://registry.npm.taobao.org/moment/download/moment-2.27.0.tgz",
      "integrity": "sha1-i/9OPiaiNiIN/j423nVrbrqgEF0="
    },
    "pako": {
      "version": "1.0.11",
      "resolved": "https://registry.npm.taobao.org/pako/download/pako-1.0.11.tgz",
      "integrity": "sha1-bJWZ00DVTf05RjgCUqNXBaa5kr8="
    },
    "tki-qrcode": {
      "version": "0.1.6",
      "resolved": "https://registry.npmjs.org/tki-qrcode/-/tki-qrcode-0.1.6.tgz",
      "integrity": "sha512-EnnlS8psowC7PsW3MDYcxvJYkuklX3WAZ/BYanR4TdBHTu74GfjTBX8Y16REP+AeDENiVtBPh4jtTRL2P736hQ=="
    },
    "uni-luck-draw": {
      "version": "1.3.4",
      "resolved": "https://registry.npm.taobao.org/uni-luck-draw/download/uni-luck-draw-1.3.4.tgz",
      "integrity": "sha1-Qy6nCpZc207DR7jW+6z56ubUAjM=",
      "requires": {
        "lucky-canvas": "^1.5.2"
      }
    },
    "uview-ui": {
      "version": "1.6.0",
      "resolved": "https://registry.npm.taobao.org/uview-ui/download/uview-ui-1.6.0.tgz",
      "integrity": "sha1-WiEhw190XaqNFau5AfhaSfu6ISQ="
    },
    "vue-moment": {
      "version": "4.1.0",
      "resolved": "https://registry.npm.taobao.org/vue-moment/download/vue-moment-4.1.0.tgz",
      "integrity": "sha1-CSqP9yOpbG+FoKjiOtMPC/Mg87A=",
      "requires": {
        "moment": "^2.19.2"
      }
    }
  }
}
