{
  "requires": true,
  "lockfileVersion": 1,
  "dependencies": {
    "@dcloudio/uni-ui": {
      "version": "1.1.3",
      "resolved": "https://registry.npmjs.org/@dcloudio/uni-ui/-/uni-ui-1.1.3.tgz",
      "integrity": "sha512-fOujUDOSCB1gwvYtvRKCGMKvNIRYzY+2aJ7ym3+kZXsawAH4Gb2/UpPezvMlyPzDWNEyiU1YgbOedweSrgZOVQ=="
    },
    "vue-cute-timeline": {
      "version": "1.2.8",
      "resolved": "https://registry.npmjs.org/vue-cute-timeline/-/vue-cute-timeline-1.2.8.tgz",
      "integrity": "sha512-gMNZv2d+vtCha/iZjn4BJGT9Muvdy/AGNm+eN5B54aD1/51BCS4hO31A6CFL1rQZB4OW6Hc7tW3drb8RN13+pg=="
    },
    "vue-light-timeline": {
      "version": "1.0.3",
      "resolved": "https://registry.npmjs.org/vue-light-timeline/-/vue-light-timeline-1.0.3.tgz",
      "integrity": "sha512-L84+qFqx+1sQCIs1dvUjsuqDrENmV+gaGfC8O0pz+sUxAhJQVR5jTySFXfOTIPvG/j6rNIFlgQCXigx8jGP6pA=="
    }
  }
}
